
Microsoft Visual Studio Solution File, Format Version 12.00
# Visual Studio Version 16
VisualStudioVersion = 16.0.30413.136
MinimumVisualStudioVersion = 10.0.40219.1
Project("{FAE04EC0-301F-11D3-BF4B-00C04F79EFBC}") = "Konyv", "Konyv\Konyv.csproj", "{B3B682EE-E0E4-41AB-B25E-E2953DE11752}"
EndProject
Global
	GlobalSection(SolutionConfigurationPlatforms) = preSolution
		Debug|Any CPU = Debug|Any CPU
		Release|Any CPU = Release|Any CPU
	EndGlobalSection
	GlobalSection(ProjectConfigurationPlatforms) = postSolution
		{B3B682EE-E0E4-41AB-B25E-E2953DE11752}.Debug|Any CPU.ActiveCfg = Debug|Any CPU
		{B3B682EE-E0E4-41AB-B25E-E2953DE11752}.Debug|Any CPU.Build.0 = Debug|Any CPU
		{B3B682EE-E0E4-41AB-B25E-E2953DE11752}.Release|Any CPU.ActiveCfg = Release|Any CPU
		{B3B682EE-E0E4-41AB-B25E-E2953DE11752}.Release|Any CPU.Build.0 = Release|Any CPU
	EndGlobalSection
	GlobalSection(SolutionProperties) = preSolution
		HideSolutionNode = FALSE
	EndGlobalSection
	GlobalSection(ExtensibilityGlobals) = postSolution
		SolutionGuid = {250AE290-8F25-440D-9BBF-9A4891A3E17D}
	EndGlobalSection
EndGlobal
